
Microsoft Visual Studio Solution File, Format Version 12.00
# Visual Studio 14
VisualStudioVersion = 14.0.25420.1
MinimumVisualStudioVersion = 10.0.40219.1
Project("{2150E333-8FDC-42A3-9474-1A3956D46DE8}") = "Infrastructure", "Infrastructure", "{D052523F-4202-47B9-A4C6-589450F2CA16}"
EndProject
Project("{2150E333-8FDC-42A3-9474-1A3956D46DE8}") = "CQRS", "CQRS", "{BADC2E38-1FBB-4F5D-B0DF-0C4D4CF2631C}"
EndProject
Project("{2150E333-8FDC-42A3-9474-1A3956D46DE8}") = "Domain", "Domain", "{BE55598C-0571-4DC9-A146-601CAF4DFBE9}"
EndProject
Project("{FAE04EC0-301F-11D3-BF4B-00C04F79EFBC}") = "PinetreeShop.Shared", "PinetreeShop.Shared\PinetreeShop.Shared.csproj", "{6F9FDFEE-9626-4295-B7C9-3F2525B160FF}"
EndProject
Project("{FAE04EC0-301F-11D3-BF4B-00C04F79EFBC}") = "PinetreeShop.CQRS.Infrastructure", "PinetreeShop.CQRS.Infrastructure\PinetreeShop.CQRS.Infrastructure.csproj", "{1F715587-CCCE-4289-B3B7-FD3299475337}"
EndProject
Project("{FAE04EC0-301F-11D3-BF4B-00C04F79EFBC}") = "PinetreeShop.CQRS.Persistence", "PinetreeShop.CQRS.Persistence\PinetreeShop.CQRS.Persistence.csproj", "{0E2B6EBB-B5EA-4FF4-833F-AD02F424A7FB}"
EndProject
Project("{FAE04EC0-301F-11D3-BF4B-00C04F79EFBC}") = "PinetreeShop.Shared.Tests", "PinetreeShop.Shared.Tests\PinetreeShop.Shared.Tests.csproj", "{B0A04400-830C-485E-A8BC-E1BEB951B2F4}"
EndProject
Project("{FAE04EC0-301F-11D3-BF4B-00C04F79EFBC}") = "PinetreeShop.Domain", "PinetreeShop.Domain\PinetreeShop.Domain.csproj", "{8604EBD4-4C55-46BA-B7BA-2CA6153B56FA}"
EndProject
Project("{FAE04EC0-301F-11D3-BF4B-00C04F79EFBC}") = "PinetreeShop.Domain.Tests", "PinetreeShop.Domain.Tests\PinetreeShop.Domain.Tests.csproj", "{117D52E7-FA11-46DF-BB75-E82A291A76FE}"
EndProject
Project("{FAE04EC0-301F-11D3-BF4B-00C04F79EFBC}") = "PinetreeShop.WebAPI", "PinetreeShop.WebAPI\PinetreeShop.WebAPI.csproj", "{C3FB0D55-BC38-4CD2-95C8-62A51C137C9D}"
EndProject
Project("{2150E333-8FDC-42A3-9474-1A3956D46DE8}") = "Web", "Web", "{4C72FA44-9BFD-43BD-8763-04E1D463A401}"
EndProject
Global
	GlobalSection(SolutionConfigurationPlatforms) = preSolution
		Debug|Any CPU = Debug|Any CPU
		Release|Any CPU = Release|Any CPU
	EndGlobalSection
	GlobalSection(ProjectConfigurationPlatforms) = postSolution
		{6F9FDFEE-9626-4295-B7C9-3F2525B160FF}.Debug|Any CPU.ActiveCfg = Debug|Any CPU
		{6F9FDFEE-9626-4295-B7C9-3F2525B160FF}.Debug|Any CPU.Build.0 = Debug|Any CPU
		{6F9FDFEE-9626-4295-B7C9-3F2525B160FF}.Release|Any CPU.ActiveCfg = Release|Any CPU
		{6F9FDFEE-9626-4295-B7C9-3F2525B160FF}.Release|Any CPU.Build.0 = Release|Any CPU
		{1F715587-CCCE-4289-B3B7-FD3299475337}.Debug|Any CPU.ActiveCfg = Debug|Any CPU
		{1F715587-CCCE-4289-B3B7-FD3299475337}.Debug|Any CPU.Build.0 = Debug|Any CPU
		{1F715587-CCCE-4289-B3B7-FD3299475337}.Release|Any CPU.ActiveCfg = Release|Any CPU
		{1F715587-CCCE-4289-B3B7-FD3299475337}.Release|Any CPU.Build.0 = Release|Any CPU
		{0E2B6EBB-B5EA-4FF4-833F-AD02F424A7FB}.Debug|Any CPU.ActiveCfg = Debug|Any CPU
		{0E2B6EBB-B5EA-4FF4-833F-AD02F424A7FB}.Debug|Any CPU.Build.0 = Debug|Any CPU
		{0E2B6EBB-B5EA-4FF4-833F-AD02F424A7FB}.Release|Any CPU.ActiveCfg = Release|Any CPU
		{0E2B6EBB-B5EA-4FF4-833F-AD02F424A7FB}.Release|Any CPU.Build.0 = Release|Any CPU
		{B0A04400-830C-485E-A8BC-E1BEB951B2F4}.Debug|Any CPU.ActiveCfg = Debug|Any CPU
		{B0A04400-830C-485E-A8BC-E1BEB951B2F4}.Debug|Any CPU.Build.0 = Debug|Any CPU
		{B0A04400-830C-485E-A8BC-E1BEB951B2F4}.Release|Any CPU.ActiveCfg = Release|Any CPU
		{B0A04400-830C-485E-A8BC-E1BEB951B2F4}.Release|Any CPU.Build.0 = Release|Any CPU
		{8604EBD4-4C55-46BA-B7BA-2CA6153B56FA}.Debug|Any CPU.ActiveCfg = Debug|Any CPU
		{8604EBD4-4C55-46BA-B7BA-2CA6153B56FA}.Debug|Any CPU.Build.0 = Debug|Any CPU
		{8604EBD4-4C55-46BA-B7BA-2CA6153B56FA}.Release|Any CPU.ActiveCfg = Release|Any CPU
		{8604EBD4-4C55-46BA-B7BA-2CA6153B56FA}.Release|Any CPU.Build.0 = Release|Any CPU
		{117D52E7-FA11-46DF-BB75-E82A291A76FE}.Debug|Any CPU.ActiveCfg = Debug|Any CPU
		{117D52E7-FA11-46DF-BB75-E82A291A76FE}.Debug|Any CPU.Build.0 = Debug|Any CPU
		{117D52E7-FA11-46DF-BB75-E82A291A76FE}.Release|Any CPU.ActiveCfg = Release|Any CPU
		{117D52E7-FA11-46DF-BB75-E82A291A76FE}.Release|Any CPU.Build.0 = Release|Any CPU
		{C3FB0D55-BC38-4CD2-95C8-62A51C137C9D}.Debug|Any CPU.ActiveCfg = Debug|Any CPU
		{C3FB0D55-BC38-4CD2-95C8-62A51C137C9D}.Debug|Any CPU.Build.0 = Debug|Any CPU
		{C3FB0D55-BC38-4CD2-95C8-62A51C137C9D}.Release|Any CPU.ActiveCfg = Release|Any CPU
		{C3FB0D55-BC38-4CD2-95C8-62A51C137C9D}.Release|Any CPU.Build.0 = Release|Any CPU
	EndGlobalSection
	GlobalSection(SolutionProperties) = preSolution
		HideSolutionNode = FALSE
	EndGlobalSection
	GlobalSection(NestedProjects) = preSolution
		{6F9FDFEE-9626-4295-B7C9-3F2525B160FF} = {D052523F-4202-47B9-A4C6-589450F2CA16}
		{1F715587-CCCE-4289-B3B7-FD3299475337} = {BADC2E38-1FBB-4F5D-B0DF-0C4D4CF2631C}
		{0E2B6EBB-B5EA-4FF4-833F-AD02F424A7FB} = {BADC2E38-1FBB-4F5D-B0DF-0C4D4CF2631C}
		{B0A04400-830C-485E-A8BC-E1BEB951B2F4} = {D052523F-4202-47B9-A4C6-589450F2CA16}
		{8604EBD4-4C55-46BA-B7BA-2CA6153B56FA} = {BE55598C-0571-4DC9-A146-601CAF4DFBE9}
		{117D52E7-FA11-46DF-BB75-E82A291A76FE} = {BE55598C-0571-4DC9-A146-601CAF4DFBE9}
		{C3FB0D55-BC38-4CD2-95C8-62A51C137C9D} = {4C72FA44-9BFD-43BD-8763-04E1D463A401}
	EndGlobalSection
EndGlobal
