
Microsoft Visual Studio Solution File, Format Version 12.00
# Visual Studio 14
VisualStudioVersion = 14.0.25420.1
MinimumVisualStudioVersion = 10.0.40219.1
Project("{2150E333-8FDC-42A3-9474-1A3956D46DE8}") = "Infrastructure", "Infrastructure", "{D052523F-4202-47B9-A4C6-589450F2CA16}"
EndProject
Project("{2150E333-8FDC-42A3-9474-1A3956D46DE8}") = "CQRS", "CQRS", "{BADC2E38-1FBB-4F5D-B0DF-0C4D4CF2631C}"
EndProject
Project("{FAE04EC0-301F-11D3-BF4B-00C04F79EFBC}") = "PinetreeShop.Domain.Tests", "PinetreeShop.Domain.Tests\PinetreeShop.Domain.Tests.csproj", "{117D52E7-FA11-46DF-BB75-E82A291A76FE}"
EndProject
Project("{FAE04EC0-301F-11D3-BF4B-00C04F79EFBC}") = "PinetreeShop.Domain.Products", "PinetreeShop.Domain.Products\PinetreeShop.Domain.Products.csproj", "{B7147CAF-CDF3-459A-82B8-ECE194143BA9}"
EndProject
Project("{FAE04EC0-301F-11D3-BF4B-00C04F79EFBC}") = "PinetreeShop.Domain.Shared", "PinetreeShop.Domain.Shared\PinetreeShop.Domain.Shared.csproj", "{2248252D-5385-42B4-BCD4-281CA370087E}"
EndProject
Project("{2150E333-8FDC-42A3-9474-1A3956D46DE8}") = "Domain.Products", "Domain.Products", "{58973138-8686-4202-93F7-AA9954A6E79E}"
EndProject
Project("{2150E333-8FDC-42A3-9474-1A3956D46DE8}") = "Domain", "Domain", "{261CBAEA-7923-420C-9B8D-7C03F17B904B}"
EndProject
Project("{FAE04EC0-301F-11D3-BF4B-00C04F79EFBC}") = "PinetreeShop.Domain.Products.Tests", "PinetreeShop.Domain.Products.Tests\PinetreeShop.Domain.Products.Tests.csproj", "{F4117AC2-4F34-4F90-BC78-38A411BB8376}"
EndProject
Project("{FAE04EC0-301F-11D3-BF4B-00C04F79EFBC}") = "PinetreeShop.Domain.Products.ReadModel", "PinetreeShop.Domain.Products.ReadModel\PinetreeShop.Domain.Products.ReadModel.csproj", "{17DD0E38-4114-41C4-9391-7EDC723E6CA4}"
EndProject
Project("{FAE04EC0-301F-11D3-BF4B-00C04F79EFBC}") = "PinetreeShop.Domain.Products.Listeners", "PinetreeShop.Domain.Products.Listeners\PinetreeShop.Domain.Products.Listeners.csproj", "{A7092447-A2B5-4074-8B28-7A847A37DAE1}"
EndProject
Project("{FAE04EC0-301F-11D3-BF4B-00C04F79EFBC}") = "PinetreeShop.Domain.Products.WebAPI", "PinetreeShop.Domain.Products.WebAPI\PinetreeShop.Domain.Products.WebAPI.csproj", "{8C9C68BF-1AF9-4CB1-B3F3-EF2737E6B8F5}"
EndProject
Project("{E24C65DC-7377-472B-9ABA-BC803B73C61A}") = "PinetreeShop.Domain.Products.WebUI", "PinetreeShop.Domain.Products.WebUI\", "{54E0CA80-93BD-4F03-986A-5F8137656F51}"
	ProjectSection(WebsiteProperties) = preProject
		TargetFrameworkMoniker = ".NETFramework,Version%3Dv4.6"
		Debug.AspNetCompiler.VirtualPath = "/localhost_60353"
		Debug.AspNetCompiler.PhysicalPath = "PinetreeShop.Domain.Products.WebUI\"
		Debug.AspNetCompiler.TargetPath = "PrecompiledWeb\localhost_60353\"
		Debug.AspNetCompiler.Updateable = "true"
		Debug.AspNetCompiler.ForceOverwrite = "true"
		Debug.AspNetCompiler.FixedNames = "false"
		Debug.AspNetCompiler.Debug = "True"
		Release.AspNetCompiler.VirtualPath = "/localhost_60353"
		Release.AspNetCompiler.PhysicalPath = "PinetreeShop.Domain.Products.WebUI\"
		Release.AspNetCompiler.TargetPath = "PrecompiledWeb\localhost_60353\"
		Release.AspNetCompiler.Updateable = "true"
		Release.AspNetCompiler.ForceOverwrite = "true"
		Release.AspNetCompiler.FixedNames = "false"
		Release.AspNetCompiler.Debug = "False"
		VWDPort = "60353"
		SlnRelativePath = "PinetreeShop.Domain.Products.WebUI\"
	EndProjectSection
EndProject
Project("{FAE04EC0-301F-11D3-BF4B-00C04F79EFBC}") = "PinetreeCQRS.Infrastructure", "PinetreeCQRS.Infrastructure\PinetreeCQRS.Infrastructure.csproj", "{1F715587-CCCE-4289-B3B7-FD3299475337}"
EndProject
Project("{FAE04EC0-301F-11D3-BF4B-00C04F79EFBC}") = "PinetreeCQRS.Infrastructure.Tests", "PinetreeCQRS.Infrastructure.Tests\PinetreeCQRS.Infrastructure.Tests.csproj", "{4903412F-15A7-4356-9ED2-2ED849AEDFC7}"
EndProject
Project("{FAE04EC0-301F-11D3-BF4B-00C04F79EFBC}") = "PinetreeCQRS.Persistence", "PinetreeCQRS.Persistence\PinetreeCQRS.Persistence.csproj", "{0E2B6EBB-B5EA-4FF4-833F-AD02F424A7FB}"
EndProject
Project("{FAE04EC0-301F-11D3-BF4B-00C04F79EFBC}") = "PinetreeUtilities", "PinetreeUtilities\PinetreeUtilities.csproj", "{6F9FDFEE-9626-4295-B7C9-3F2525B160FF}"
EndProject
Project("{FAE04EC0-301F-11D3-BF4B-00C04F79EFBC}") = "PinetreeUtilities.Tests", "PinetreeUtilities.Tests\PinetreeUtilities.Tests.csproj", "{B0A04400-830C-485E-A8BC-E1BEB951B2F4}"
EndProject
Global
	GlobalSection(SolutionConfigurationPlatforms) = preSolution
		Debug|Any CPU = Debug|Any CPU
		Release|Any CPU = Release|Any CPU
	EndGlobalSection
	GlobalSection(ProjectConfigurationPlatforms) = postSolution
		{117D52E7-FA11-46DF-BB75-E82A291A76FE}.Debug|Any CPU.ActiveCfg = Debug|Any CPU
		{117D52E7-FA11-46DF-BB75-E82A291A76FE}.Debug|Any CPU.Build.0 = Debug|Any CPU
		{117D52E7-FA11-46DF-BB75-E82A291A76FE}.Release|Any CPU.ActiveCfg = Release|Any CPU
		{117D52E7-FA11-46DF-BB75-E82A291A76FE}.Release|Any CPU.Build.0 = Release|Any CPU
		{B7147CAF-CDF3-459A-82B8-ECE194143BA9}.Debug|Any CPU.ActiveCfg = Debug|Any CPU
		{B7147CAF-CDF3-459A-82B8-ECE194143BA9}.Debug|Any CPU.Build.0 = Debug|Any CPU
		{B7147CAF-CDF3-459A-82B8-ECE194143BA9}.Release|Any CPU.ActiveCfg = Release|Any CPU
		{B7147CAF-CDF3-459A-82B8-ECE194143BA9}.Release|Any CPU.Build.0 = Release|Any CPU
		{2248252D-5385-42B4-BCD4-281CA370087E}.Debug|Any CPU.ActiveCfg = Debug|Any CPU
		{2248252D-5385-42B4-BCD4-281CA370087E}.Debug|Any CPU.Build.0 = Debug|Any CPU
		{2248252D-5385-42B4-BCD4-281CA370087E}.Release|Any CPU.ActiveCfg = Release|Any CPU
		{2248252D-5385-42B4-BCD4-281CA370087E}.Release|Any CPU.Build.0 = Release|Any CPU
		{F4117AC2-4F34-4F90-BC78-38A411BB8376}.Debug|Any CPU.ActiveCfg = Debug|Any CPU
		{F4117AC2-4F34-4F90-BC78-38A411BB8376}.Debug|Any CPU.Build.0 = Debug|Any CPU
		{F4117AC2-4F34-4F90-BC78-38A411BB8376}.Release|Any CPU.ActiveCfg = Release|Any CPU
		{F4117AC2-4F34-4F90-BC78-38A411BB8376}.Release|Any CPU.Build.0 = Release|Any CPU
		{17DD0E38-4114-41C4-9391-7EDC723E6CA4}.Debug|Any CPU.ActiveCfg = Debug|Any CPU
		{17DD0E38-4114-41C4-9391-7EDC723E6CA4}.Debug|Any CPU.Build.0 = Debug|Any CPU
		{17DD0E38-4114-41C4-9391-7EDC723E6CA4}.Release|Any CPU.ActiveCfg = Release|Any CPU
		{17DD0E38-4114-41C4-9391-7EDC723E6CA4}.Release|Any CPU.Build.0 = Release|Any CPU
		{A7092447-A2B5-4074-8B28-7A847A37DAE1}.Debug|Any CPU.ActiveCfg = Debug|Any CPU
		{A7092447-A2B5-4074-8B28-7A847A37DAE1}.Debug|Any CPU.Build.0 = Debug|Any CPU
		{A7092447-A2B5-4074-8B28-7A847A37DAE1}.Release|Any CPU.ActiveCfg = Release|Any CPU
		{A7092447-A2B5-4074-8B28-7A847A37DAE1}.Release|Any CPU.Build.0 = Release|Any CPU
		{8C9C68BF-1AF9-4CB1-B3F3-EF2737E6B8F5}.Debug|Any CPU.ActiveCfg = Debug|Any CPU
		{8C9C68BF-1AF9-4CB1-B3F3-EF2737E6B8F5}.Debug|Any CPU.Build.0 = Debug|Any CPU
		{8C9C68BF-1AF9-4CB1-B3F3-EF2737E6B8F5}.Release|Any CPU.ActiveCfg = Release|Any CPU
		{8C9C68BF-1AF9-4CB1-B3F3-EF2737E6B8F5}.Release|Any CPU.Build.0 = Release|Any CPU
		{54E0CA80-93BD-4F03-986A-5F8137656F51}.Debug|Any CPU.ActiveCfg = Debug|Any CPU
		{54E0CA80-93BD-4F03-986A-5F8137656F51}.Release|Any CPU.ActiveCfg = Debug|Any CPU
		{54E0CA80-93BD-4F03-986A-5F8137656F51}.Release|Any CPU.Build.0 = Debug|Any CPU
		{1F715587-CCCE-4289-B3B7-FD3299475337}.Debug|Any CPU.ActiveCfg = Debug|Any CPU
		{1F715587-CCCE-4289-B3B7-FD3299475337}.Debug|Any CPU.Build.0 = Debug|Any CPU
		{1F715587-CCCE-4289-B3B7-FD3299475337}.Release|Any CPU.ActiveCfg = Release|Any CPU
		{1F715587-CCCE-4289-B3B7-FD3299475337}.Release|Any CPU.Build.0 = Release|Any CPU
		{4903412F-15A7-4356-9ED2-2ED849AEDFC7}.Debug|Any CPU.ActiveCfg = Debug|Any CPU
		{4903412F-15A7-4356-9ED2-2ED849AEDFC7}.Debug|Any CPU.Build.0 = Debug|Any CPU
		{4903412F-15A7-4356-9ED2-2ED849AEDFC7}.Release|Any CPU.ActiveCfg = Release|Any CPU
		{4903412F-15A7-4356-9ED2-2ED849AEDFC7}.Release|Any CPU.Build.0 = Release|Any CPU
		{0E2B6EBB-B5EA-4FF4-833F-AD02F424A7FB}.Debug|Any CPU.ActiveCfg = Debug|Any CPU
		{0E2B6EBB-B5EA-4FF4-833F-AD02F424A7FB}.Debug|Any CPU.Build.0 = Debug|Any CPU
		{0E2B6EBB-B5EA-4FF4-833F-AD02F424A7FB}.Release|Any CPU.ActiveCfg = Release|Any CPU
		{0E2B6EBB-B5EA-4FF4-833F-AD02F424A7FB}.Release|Any CPU.Build.0 = Release|Any CPU
		{6F9FDFEE-9626-4295-B7C9-3F2525B160FF}.Debug|Any CPU.ActiveCfg = Debug|Any CPU
		{6F9FDFEE-9626-4295-B7C9-3F2525B160FF}.Debug|Any CPU.Build.0 = Debug|Any CPU
		{6F9FDFEE-9626-4295-B7C9-3F2525B160FF}.Release|Any CPU.ActiveCfg = Release|Any CPU
		{6F9FDFEE-9626-4295-B7C9-3F2525B160FF}.Release|Any CPU.Build.0 = Release|Any CPU
		{B0A04400-830C-485E-A8BC-E1BEB951B2F4}.Debug|Any CPU.ActiveCfg = Debug|Any CPU
		{B0A04400-830C-485E-A8BC-E1BEB951B2F4}.Debug|Any CPU.Build.0 = Debug|Any CPU
		{B0A04400-830C-485E-A8BC-E1BEB951B2F4}.Release|Any CPU.ActiveCfg = Release|Any CPU
		{B0A04400-830C-485E-A8BC-E1BEB951B2F4}.Release|Any CPU.Build.0 = Release|Any CPU
	EndGlobalSection
	GlobalSection(SolutionProperties) = preSolution
		HideSolutionNode = FALSE
	EndGlobalSection
	GlobalSection(NestedProjects) = preSolution
		{117D52E7-FA11-46DF-BB75-E82A291A76FE} = {261CBAEA-7923-420C-9B8D-7C03F17B904B}
		{B7147CAF-CDF3-459A-82B8-ECE194143BA9} = {58973138-8686-4202-93F7-AA9954A6E79E}
		{2248252D-5385-42B4-BCD4-281CA370087E} = {261CBAEA-7923-420C-9B8D-7C03F17B904B}
		{F4117AC2-4F34-4F90-BC78-38A411BB8376} = {58973138-8686-4202-93F7-AA9954A6E79E}
		{17DD0E38-4114-41C4-9391-7EDC723E6CA4} = {58973138-8686-4202-93F7-AA9954A6E79E}
		{A7092447-A2B5-4074-8B28-7A847A37DAE1} = {58973138-8686-4202-93F7-AA9954A6E79E}
		{8C9C68BF-1AF9-4CB1-B3F3-EF2737E6B8F5} = {58973138-8686-4202-93F7-AA9954A6E79E}
		{54E0CA80-93BD-4F03-986A-5F8137656F51} = {58973138-8686-4202-93F7-AA9954A6E79E}
		{1F715587-CCCE-4289-B3B7-FD3299475337} = {BADC2E38-1FBB-4F5D-B0DF-0C4D4CF2631C}
		{4903412F-15A7-4356-9ED2-2ED849AEDFC7} = {BADC2E38-1FBB-4F5D-B0DF-0C4D4CF2631C}
		{0E2B6EBB-B5EA-4FF4-833F-AD02F424A7FB} = {BADC2E38-1FBB-4F5D-B0DF-0C4D4CF2631C}
		{6F9FDFEE-9626-4295-B7C9-3F2525B160FF} = {D052523F-4202-47B9-A4C6-589450F2CA16}
		{B0A04400-830C-485E-A8BC-E1BEB951B2F4} = {D052523F-4202-47B9-A4C6-589450F2CA16}
	EndGlobalSection
EndGlobal
